// !$*UTF8*$!
{
	archiveVersion = 1;
	classes = {
	};
	objectVersion = 46;
	objects = {

/* Begin PBXBuildFile section */
		94145B7315EFC7DD008970BE /* ZLogo_57.png in Resources */ = {isa = PBXBuildFile; fileRef = 94145B7215EFC7DD008970BE /* ZLogo_57.png */; };
		94145B7515EFC7E3008970BE /* ZLogo_114.png in Resources */ = {isa = PBXBuildFile; fileRef = 94145B7415EFC7E2008970BE /* ZLogo_114.png */; };
		94145B7715EFCF40008970BE /* Default.png in Resources */ = {isa = PBXBuildFile; fileRef = 94145B7615EFCF40008970BE /* Default.png */; };
		94145B7915EFCF47008970BE /* Default@2x.png in Resources */ = {isa = PBXBuildFile; fileRef = 94145B7815EFCF47008970BE /* Default@2x.png */; };
		94145B8115F00E19008970BE /* SplashScreenViewController.m in Sources */ = {isa = PBXBuildFile; fileRef = 94145B8015F00E19008970BE /* SplashScreenViewController.m */; };
		94145B8415F01E12008970BE /* GameSetupTeamNameTableViewCell.m in Sources */ = {isa = PBXBuildFile; fileRef = 94145B8315F01E12008970BE /* GameSetupTeamNameTableViewCell.m */; };
		941D362015EEACA3009F15BB /* ScoreCardsNavigationViewController.m in Sources */ = {isa = PBXBuildFile; fileRef = 941D361F15EEACA3009F15BB /* ScoreCardsNavigationViewController.m */; };
		9437C35415EECD8F00F95535 /* GameSetupOptionsTableViewController.m in Sources */ = {isa = PBXBuildFile; fileRef = 9437C35315EECD8F00F95535 /* GameSetupOptionsTableViewController.m */; };
		9444A93415F71B66008B9F8C /* UIViewController+WithScoreCardsBetaButton.m in Sources */ = {isa = PBXBuildFile; fileRef = 9444A93315F71B66008B9F8C /* UIViewController+WithScoreCardsBetaButton.m */; };
		9444A93715F72816008B9F8C /* GameSelectTableViewController.m in Sources */ = {isa = PBXBuildFile; fileRef = 9444A93615F72816008B9F8C /* GameSelectTableViewController.m */; };
		946A10DD15EEFA0000538906 /* GameSetupOptionChoicesTableViewCell.m in Sources */ = {isa = PBXBuildFile; fileRef = 946A10DC15EEFA0000538906 /* GameSetupOptionChoicesTableViewCell.m */; };
		947A0E8915EA734C003AEF56 /* UIKit.framework in Frameworks */ = {isa = PBXBuildFile; fileRef = 947A0E8815EA734C003AEF56 /* UIKit.framework */; };
		947A0E8B15EA734C003AEF56 /* Foundation.framework in Frameworks */ = {isa = PBXBuildFile; fileRef = 947A0E8A15EA734C003AEF56 /* Foundation.framework */; };
		947A0E8D15EA734C003AEF56 /* CoreGraphics.framework in Frameworks */ = {isa = PBXBuildFile; fileRef = 947A0E8C15EA734C003AEF56 /* CoreGraphics.framework */; };
		947A0E9315EA734C003AEF56 /* InfoPlist.strings in Resources */ = {isa = PBXBuildFile; fileRef = 947A0E9115EA734C003AEF56 /* InfoPlist.strings */; };
		947A0E9515EA734C003AEF56 /* main.m in Sources */ = {isa = PBXBuildFile; fileRef = 947A0E9415EA734C003AEF56 /* main.m */; };
		947A0E9915EA734C003AEF56 /* ScoreCardsAppDelegate.m in Sources */ = {isa = PBXBuildFile; fileRef = 947A0E9815EA734C003AEF56 /* ScoreCardsAppDelegate.m */; };
		947A0E9C15EA734C003AEF56 /* MainStoryboard.storyboard in Resources */ = {isa = PBXBuildFile; fileRef = 947A0E9A15EA734C003AEF56 /* MainStoryboard.storyboard */; };
		9494CE7C15F49D06006B4F8E /* ScoreCardsTableViewController.m in Sources */ = {isa = PBXBuildFile; fileRef = 9494CE7B15F49D06006B4F8E /* ScoreCardsTableViewController.m */; };
		94A1476515EEA0580061E44F /* GameSetup2RowOptionTableViewCell.m in Sources */ = {isa = PBXBuildFile; fileRef = 94A1476415EEA0580061E44F /* GameSetup2RowOptionTableViewCell.m */; };
		94B1AAB615EE88050057B93D /* GameSetup1RowOptionTableViewCell.m in Sources */ = {isa = PBXBuildFile; fileRef = 94B1AAB515EE88050057B93D /* GameSetup1RowOptionTableViewCell.m */; };
		94C5B76515EAC19B002F518B /* PitchViewController.m in Sources */ = {isa = PBXBuildFile; fileRef = 94C5B76415EAC19B002F518B /* PitchViewController.m */; };
		94D3E5E115EBF00E00D96DBE /* PitchHandTableViewCell.m in Sources */ = {isa = PBXBuildFile; fileRef = 94D3E5E015EBF00E00D96DBE /* PitchHandTableViewCell.m */; };
		94F023A915EE810F001DB3BC /* GameSetupTableViewController.m in Sources */ = {isa = PBXBuildFile; fileRef = 94F023A815EE810F001DB3BC /* GameSetupTableViewController.m */; };
/* End PBXBuildFile section */

/* Begin PBXFileReference section */
		94145B7215EFC7DD008970BE /* ZLogo_57.png */ = {isa = PBXFileReference; lastKnownFileType = image.png; name = ZLogo_57.png; path = ../ZLogo_57.png; sourceTree = "<group>"; };
		94145B7415EFC7E2008970BE /* ZLogo_114.png */ = {isa = PBXFileReference; lastKnownFileType = image.png; name = ZLogo_114.png; path = ../ZLogo_114.png; sourceTree = "<group>"; };
		94145B7615EFCF40008970BE /* Default.png */ = {isa = PBXFileReference; lastKnownFileType = image.png; path = Default.png; sourceTree = "<group>"; };
		94145B7815EFCF47008970BE /* Default@2x.png */ = {isa = PBXFileReference; lastKnownFileType = image.png; path = "Default@2x.png"; sourceTree = "<group>"; };
		94145B7F15F00E19008970BE /* SplashScreenViewController.h */ = {isa = PBXFileReference; fileEncoding = 4; lastKnownFileType = sourcecode.c.h; path = SplashScreenViewController.h; sourceTree = "<group>"; };
		94145B8015F00E19008970BE /* SplashScreenViewController.m */ = {isa = PBXFileReference; fileEncoding = 4; lastKnownFileType = sourcecode.c.objc; path = SplashScreenViewController.m; sourceTree = "<group>"; };
		94145B8215F01E12008970BE /* GameSetupTeamNameTableViewCell.h */ = {isa = PBXFileReference; fileEncoding = 4; lastKnownFileType = sourcecode.c.h; path = GameSetupTeamNameTableViewCell.h; sourceTree = "<group>"; };
		94145B8315F01E12008970BE /* GameSetupTeamNameTableViewCell.m */ = {isa = PBXFileReference; fileEncoding = 4; lastKnownFileType = sourcecode.c.objc; path = GameSetupTeamNameTableViewCell.m; sourceTree = "<group>"; };
		941D361E15EEACA3009F15BB /* ScoreCardsNavigationViewController.h */ = {isa = PBXFileReference; fileEncoding = 4; lastKnownFileType = sourcecode.c.h; path = ScoreCardsNavigationViewController.h; sourceTree = "<group>"; };
		941D361F15EEACA3009F15BB /* ScoreCardsNavigationViewController.m */ = {isa = PBXFileReference; fileEncoding = 4; lastKnownFileType = sourcecode.c.objc; path = ScoreCardsNavigationViewController.m; sourceTree = "<group>"; };
		9437C35215EECD8F00F95535 /* GameSetupOptionsTableViewController.h */ = {isa = PBXFileReference; fileEncoding = 4; lastKnownFileType = sourcecode.c.h; path = GameSetupOptionsTableViewController.h; sourceTree = "<group>"; };
		9437C35315EECD8F00F95535 /* GameSetupOptionsTableViewController.m */ = {isa = PBXFileReference; fileEncoding = 4; lastKnownFileType = sourcecode.c.objc; path = GameSetupOptionsTableViewController.m; sourceTree = "<group>"; };
		9440361B15F7C574001BAFAC /* Globals.h */ = {isa = PBXFileReference; lastKnownFileType = sourcecode.c.h; path = Globals.h; sourceTree = "<group>"; };
		9444A93215F71B66008B9F8C /* UIViewController+WithScoreCardsBetaButton.h */ = {isa = PBXFileReference; fileEncoding = 4; lastKnownFileType = sourcecode.c.h; path = "UIViewController+WithScoreCardsBetaButton.h"; sourceTree = "<group>"; };
		9444A93315F71B66008B9F8C /* UIViewController+WithScoreCardsBetaButton.m */ = {isa = PBXFileReference; fileEncoding = 4; lastKnownFileType = sourcecode.c.objc; path = "UIViewController+WithScoreCardsBetaButton.m"; sourceTree = "<group>"; };
		9444A93515F72816008B9F8C /* GameSelectTableViewController.h */ = {isa = PBXFileReference; fileEncoding = 4; lastKnownFileType = sourcecode.c.h; path = GameSelectTableViewController.h; sourceTree = "<group>"; };
		9444A93615F72816008B9F8C /* GameSelectTableViewController.m */ = {isa = PBXFileReference; fileEncoding = 4; lastKnownFileType = sourcecode.c.objc; path = GameSelectTableViewController.m; sourceTree = "<group>"; };
		945B553015EDD665003FAD05 /* ScoreCards.entitlements */ = {isa = PBXFileReference; lastKnownFileType = text.xml; path = ScoreCards.entitlements; sourceTree = "<group>"; };
		946A10DB15EEFA0000538906 /* GameSetupOptionChoicesTableViewCell.h */ = {isa = PBXFileReference; fileEncoding = 4; lastKnownFileType = sourcecode.c.h; path = GameSetupOptionChoicesTableViewCell.h; sourceTree = "<group>"; };
		946A10DC15EEFA0000538906 /* GameSetupOptionChoicesTableViewCell.m */ = {isa = PBXFileReference; fileEncoding = 4; lastKnownFileType = sourcecode.c.objc; path = GameSetupOptionChoicesTableViewCell.m; sourceTree = "<group>"; };
		947A0E8415EA734C003AEF56 /* ScoreCards.app */ = {isa = PBXFileReference; explicitFileType = wrapper.application; includeInIndex = 0; path = ScoreCards.app; sourceTree = BUILT_PRODUCTS_DIR; };
		947A0E8815EA734C003AEF56 /* UIKit.framework */ = {isa = PBXFileReference; lastKnownFileType = wrapper.framework; name = UIKit.framework; path = System/Library/Frameworks/UIKit.framework; sourceTree = SDKROOT; };
		947A0E8A15EA734C003AEF56 /* Foundation.framework */ = {isa = PBXFileReference; lastKnownFileType = wrapper.framework; name = Foundation.framework; path = System/Library/Frameworks/Foundation.framework; sourceTree = SDKROOT; };
		947A0E8C15EA734C003AEF56 /* CoreGraphics.framework */ = {isa = PBXFileReference; lastKnownFileType = wrapper.framework; name = CoreGraphics.framework; path = System/Library/Frameworks/CoreGraphics.framework; sourceTree = SDKROOT; };
		947A0E9015EA734C003AEF56 /* ScoreCards-Info.plist */ = {isa = PBXFileReference; lastKnownFileType = text.plist.xml; path = "ScoreCards-Info.plist"; sourceTree = "<group>"; };
		947A0E9215EA734C003AEF56 /* en */ = {isa = PBXFileReference; lastKnownFileType = text.plist.strings; name = en; path = en.lproj/InfoPlist.strings; sourceTree = "<group>"; };
		947A0E9415EA734C003AEF56 /* main.m */ = {isa = PBXFileReference; lastKnownFileType = sourcecode.c.objc; path = main.m; sourceTree = "<group>"; };
		947A0E9615EA734C003AEF56 /* ScoreCards-Prefix.pch */ = {isa = PBXFileReference; lastKnownFileType = sourcecode.c.h; path = "ScoreCards-Prefix.pch"; sourceTree = "<group>"; };
		947A0E9715EA734C003AEF56 /* ScoreCardsAppDelegate.h */ = {isa = PBXFileReference; lastKnownFileType = sourcecode.c.h; path = ScoreCardsAppDelegate.h; sourceTree = "<group>"; };
		947A0E9815EA734C003AEF56 /* ScoreCardsAppDelegate.m */ = {isa = PBXFileReference; lastKnownFileType = sourcecode.c.objc; path = ScoreCardsAppDelegate.m; sourceTree = "<group>"; };
		947A0E9B15EA734C003AEF56 /* en */ = {isa = PBXFileReference; lastKnownFileType = file.storyboard; name = en; path = en.lproj/MainStoryboard.storyboard; sourceTree = "<group>"; };
		9494CE7A15F49D06006B4F8E /* ScoreCardsTableViewController.h */ = {isa = PBXFileReference; fileEncoding = 4; lastKnownFileType = sourcecode.c.h; path = ScoreCardsTableViewController.h; sourceTree = "<group>"; };
		9494CE7B15F49D06006B4F8E /* ScoreCardsTableViewController.m */ = {isa = PBXFileReference; fileEncoding = 4; lastKnownFileType = sourcecode.c.objc; path = ScoreCardsTableViewController.m; sourceTree = "<group>"; };
		94A1476315EEA0580061E44F /* GameSetup2RowOptionTableViewCell.h */ = {isa = PBXFileReference; fileEncoding = 4; lastKnownFileType = sourcecode.c.h; path = GameSetup2RowOptionTableViewCell.h; sourceTree = "<group>"; };
		94A1476415EEA0580061E44F /* GameSetup2RowOptionTableViewCell.m */ = {isa = PBXFileReference; fileEncoding = 4; lastKnownFileType = sourcecode.c.objc; path = GameSetup2RowOptionTableViewCell.m; sourceTree = "<group>"; };
		94B1AAB415EE88050057B93D /* GameSetup1RowOptionTableViewCell.h */ = {isa = PBXFileReference; fileEncoding = 4; lastKnownFileType = sourcecode.c.h; path = GameSetup1RowOptionTableViewCell.h; sourceTree = "<group>"; };
		94B1AAB515EE88050057B93D /* GameSetup1RowOptionTableViewCell.m */ = {isa = PBXFileReference; fileEncoding = 4; lastKnownFileType = sourcecode.c.objc; path = GameSetup1RowOptionTableViewCell.m; sourceTree = "<group>"; };
		94C5B76315EAC19B002F518B /* PitchViewController.h */ = {isa = PBXFileReference; fileEncoding = 4; lastKnownFileType = sourcecode.c.h; path = PitchViewController.h; sourceTree = "<group>"; };
		94C5B76415EAC19B002F518B /* PitchViewController.m */ = {isa = PBXFileReference; fileEncoding = 4; lastKnownFileType = sourcecode.c.objc; path = PitchViewController.m; sourceTree = "<group>"; };
		94D3E5DF15EBF00E00D96DBE /* PitchHandTableViewCell.h */ = {isa = PBXFileReference; fileEncoding = 4; lastKnownFileType = sourcecode.c.h; path = PitchHandTableViewCell.h; sourceTree = "<group>"; };
		94D3E5E015EBF00E00D96DBE /* PitchHandTableViewCell.m */ = {isa = PBXFileReference; fileEncoding = 4; lastKnownFileType = sourcecode.c.objc; path = PitchHandTableViewCell.m; sourceTree = "<group>"; };
		94F023A715EE810F001DB3BC /* GameSetupTableViewController.h */ = {isa = PBXFileReference; fileEncoding = 4; lastKnownFileType = sourcecode.c.h; path = GameSetupTableViewController.h; sourceTree = "<group>"; };
		94F023A815EE810F001DB3BC /* GameSetupTableViewController.m */ = {isa = PBXFileReference; fileEncoding = 4; lastKnownFileType = sourcecode.c.objc; path = GameSetupTableViewController.m; sourceTree = "<group>"; };
/* End PBXFileReference section */

/* Begin PBXFrameworksBuildPhase section */
		947A0E8115EA734C003AEF56 /* Frameworks */ = {
			isa = PBXFrameworksBuildPhase;
			buildActionMask = 2147483647;
			files = (
				947A0E8915EA734C003AEF56 /* UIKit.framework in Frameworks */,
				947A0E8B15EA734C003AEF56 /* Foundation.framework in Frameworks */,
				947A0E8D15EA734C003AEF56 /* CoreGraphics.framework in Frameworks */,
			);
			runOnlyForDeploymentPostprocessing = 0;
		};
/* End PBXFrameworksBuildPhase section */

/* Begin PBXGroup section */
		94145B7115EFC77F008970BE /* App Icons */ = {
			isa = PBXGroup;
			children = (
				94145B7415EFC7E2008970BE /* ZLogo_114.png */,
				94145B7215EFC7DD008970BE /* ZLogo_57.png */,
			);
			name = "App Icons";
			sourceTree = "<group>";
		};
		94145B7A15EFD443008970BE /* Launch Images */ = {
			isa = PBXGroup;
			children = (
				94145B7615EFCF40008970BE /* Default.png */,
				94145B7815EFCF47008970BE /* Default@2x.png */,
			);
			name = "Launch Images";
			path = ..;
			sourceTree = "<group>";
		};
		94145B7E15F00477008970BE /* Splash Screen */ = {
			isa = PBXGroup;
			children = (
				94145B7F15F00E19008970BE /* SplashScreenViewController.h */,
				94145B8015F00E19008970BE /* SplashScreenViewController.m */,
			);
			name = "Splash Screen";
			sourceTree = "<group>";
		};
		9444A93B15F72E13008B9F8C /* Game Select */ = {
			isa = PBXGroup;
			children = (
				9444A93515F72816008B9F8C /* GameSelectTableViewController.h */,
				9444A93615F72816008B9F8C /* GameSelectTableViewController.m */,
			);
			name = "Game Select";
			sourceTree = "<group>";
		};
		9444A93C15F72E41008B9F8C /* Games */ = {
			isa = PBXGroup;
			children = (
				94D3E5E315EBF02900D96DBE /* Pitch */,
			);
			name = Games;
			sourceTree = "<group>";
		};
		947A0E7915EA734C003AEF56 = {
			isa = PBXGroup;
			children = (
				947A0E8E15EA734C003AEF56 /* ScoreCards */,
				947A0E8715EA734C003AEF56 /* Frameworks */,
				947A0E8515EA734C003AEF56 /* Products */,
			);
			sourceTree = "<group>";
		};
		947A0E8515EA734C003AEF56 /* Products */ = {
			isa = PBXGroup;
			children = (
				947A0E8415EA734C003AEF56 /* ScoreCards.app */,
			);
			name = Products;
			sourceTree = "<group>";
		};
		947A0E8715EA734C003AEF56 /* Frameworks */ = {
			isa = PBXGroup;
			children = (
				947A0E8815EA734C003AEF56 /* UIKit.framework */,
				947A0E8A15EA734C003AEF56 /* Foundation.framework */,
				947A0E8C15EA734C003AEF56 /* CoreGraphics.framework */,
			);
			name = Frameworks;
			sourceTree = "<group>";
		};
		947A0E8E15EA734C003AEF56 /* ScoreCards */ = {
			isa = PBXGroup;
			children = (
				94145B7E15F00477008970BE /* Splash Screen */,
				9444A93B15F72E13008B9F8C /* Game Select */,
				94B1AAB815EE880F0057B93D /* Game Setup */,
				9444A93C15F72E41008B9F8C /* Games */,
				947A0E9A15EA734C003AEF56 /* MainStoryboard.storyboard */,
				9440361B15F7C574001BAFAC /* Globals.h */,
				941D361E15EEACA3009F15BB /* ScoreCardsNavigationViewController.h */,
				941D361F15EEACA3009F15BB /* ScoreCardsNavigationViewController.m */,
				9494CE7A15F49D06006B4F8E /* ScoreCardsTableViewController.h */,
				9494CE7B15F49D06006B4F8E /* ScoreCardsTableViewController.m */,
				9444A93215F71B66008B9F8C /* UIViewController+WithScoreCardsBetaButton.h */,
				9444A93315F71B66008B9F8C /* UIViewController+WithScoreCardsBetaButton.m */,
				947A0E8F15EA734C003AEF56 /* Supporting Files */,
			);
			path = ScoreCards;
			sourceTree = "<group>";
		};
		947A0E8F15EA734C003AEF56 /* Supporting Files */ = {
			isa = PBXGroup;
			children = (
				94145B7115EFC77F008970BE /* App Icons */,
				94145B7A15EFD443008970BE /* Launch Images */,
				947A0E9715EA734C003AEF56 /* ScoreCardsAppDelegate.h */,
				947A0E9815EA734C003AEF56 /* ScoreCardsAppDelegate.m */,
				945B553015EDD665003FAD05 /* ScoreCards.entitlements */,
				947A0E9015EA734C003AEF56 /* ScoreCards-Info.plist */,
				947A0E9115EA734C003AEF56 /* InfoPlist.strings */,
				947A0E9415EA734C003AEF56 /* main.m */,
				947A0E9615EA734C003AEF56 /* ScoreCards-Prefix.pch */,
			);
			name = "Supporting Files";
			sourceTree = "<group>";
		};
		94B1AAB815EE880F0057B93D /* Game Setup */ = {
			isa = PBXGroup;
			children = (
				94F023A715EE810F001DB3BC /* GameSetupTableViewController.h */,
				94F023A815EE810F001DB3BC /* GameSetupTableViewController.m */,
				9437C35215EECD8F00F95535 /* GameSetupOptionsTableViewController.h */,
				9437C35315EECD8F00F95535 /* GameSetupOptionsTableViewController.m */,
				94B1AAB415EE88050057B93D /* GameSetup1RowOptionTableViewCell.h */,
				94B1AAB515EE88050057B93D /* GameSetup1RowOptionTableViewCell.m */,
				94A1476315EEA0580061E44F /* GameSetup2RowOptionTableViewCell.h */,
				94A1476415EEA0580061E44F /* GameSetup2RowOptionTableViewCell.m */,
				94145B8215F01E12008970BE /* GameSetupTeamNameTableViewCell.h */,
				94145B8315F01E12008970BE /* GameSetupTeamNameTableViewCell.m */,
				946A10DB15EEFA0000538906 /* GameSetupOptionChoicesTableViewCell.h */,
				946A10DC15EEFA0000538906 /* GameSetupOptionChoicesTableViewCell.m */,
			);
			name = "Game Setup";
			sourceTree = "<group>";
		};
		94D3E5E315EBF02900D96DBE /* Pitch */ = {
			isa = PBXGroup;
			children = (
				94C5B76315EAC19B002F518B /* PitchViewController.h */,
				94C5B76415EAC19B002F518B /* PitchViewController.m */,
				94D3E5DF15EBF00E00D96DBE /* PitchHandTableViewCell.h */,
				94D3E5E015EBF00E00D96DBE /* PitchHandTableViewCell.m */,
			);
			name = Pitch;
			sourceTree = "<group>";
		};
/* End PBXGroup section */

/* Begin PBXNativeTarget section */
		947A0E8315EA734C003AEF56 /* ScoreCards */ = {
			isa = PBXNativeTarget;
			buildConfigurationList = 947A0EA215EA734C003AEF56 /* Build configuration list for PBXNativeTarget "ScoreCards" */;
			buildPhases = (
				94C6C12915F487A6005A3BB7 /* Run Script */,
				947A0E8015EA734C003AEF56 /* Sources */,
				947A0E8115EA734C003AEF56 /* Frameworks */,
				947A0E8215EA734C003AEF56 /* Resources */,
			);
			buildRules = (
			);
			dependencies = (
			);
			name = ScoreCards;
			productName = ScoreCards;
			productReference = 947A0E8415EA734C003AEF56 /* ScoreCards.app */;
			productType = "com.apple.product-type.application";
		};
/* End PBXNativeTarget section */

/* Begin PBXProject section */
		947A0E7B15EA734C003AEF56 /* Project object */ = {
			isa = PBXProject;
			attributes = {
				CLASSPREFIX = ScoreCards;
				LastUpgradeCheck = 0440;
				ORGANIZATIONNAME = RZGamer;
			};
			buildConfigurationList = 947A0E7E15EA734C003AEF56 /* Build configuration list for PBXProject "ScoreCards" */;
			compatibilityVersion = "Xcode 3.2";
			developmentRegion = English;
			hasScannedForEncodings = 0;
			knownRegions = (
				en,
			);
			mainGroup = 947A0E7915EA734C003AEF56;
			productRefGroup = 947A0E8515EA734C003AEF56 /* Products */;
			projectDirPath = "";
			projectRoot = "";
			targets = (
				947A0E8315EA734C003AEF56 /* ScoreCards */,
			);
		};
/* End PBXProject section */

/* Begin PBXResourcesBuildPhase section */
		947A0E8215EA734C003AEF56 /* Resources */ = {
			isa = PBXResourcesBuildPhase;
			buildActionMask = 2147483647;
			files = (
				947A0E9315EA734C003AEF56 /* InfoPlist.strings in Resources */,
				947A0E9C15EA734C003AEF56 /* MainStoryboard.storyboard in Resources */,
				94145B7315EFC7DD008970BE /* ZLogo_57.png in Resources */,
				94145B7515EFC7E3008970BE /* ZLogo_114.png in Resources */,
				94145B7715EFCF40008970BE /* Default.png in Resources */,
				94145B7915EFCF47008970BE /* Default@2x.png in Resources */,
			);
			runOnlyForDeploymentPostprocessing = 0;
		};
/* End PBXResourcesBuildPhase section */

/* Begin PBXShellScriptBuildPhase section */
		94C6C12915F487A6005A3BB7 /* Run Script */ = {
			isa = PBXShellScriptBuildPhase;
			buildActionMask = 2147483647;
			files = (
			);
			inputPaths = (
			);
			name = "Run Script";
			outputPaths = (
			);
			runOnlyForDeploymentPostprocessing = 0;
			shellPath = /bin/sh;
			shellScript = "# Auto Increment Version Script\nbuildPlist=$INFOPLIST_FILE\necho $buildPlist\nCFSVString=$(/usr/libexec/PlistBuddy -c \"Print CFBundleShortVersionString\" \"$buildPlist\")\nCFBundleVersion=$(/usr/libexec/PlistBuddy -c \"Print CFBundleVersion\" \"$buildPlist\")\nBUILD_NR=${CFBundleVersion##*.}\nBUILD_NR=$(($BUILD_NR + 1))\n#echo $BUILD_NR\nCFBundleVersion=$CFSVString\".\"$BUILD_NR\n#echo $CFBundleVersion\n/usr/libexec/PlistBuddy -c \"Set :CFBundleVersion $CFBundleVersion\" \"$buildPlist\"";
		};
/* End PBXShellScriptBuildPhase section */

/* Begin PBXSourcesBuildPhase section */
		947A0E8015EA734C003AEF56 /* Sources */ = {
			isa = PBXSourcesBuildPhase;
			buildActionMask = 2147483647;
			files = (
				947A0E9515EA734C003AEF56 /* main.m in Sources */,
				947A0E9915EA734C003AEF56 /* ScoreCardsAppDelegate.m in Sources */,
				94C5B76515EAC19B002F518B /* PitchViewController.m in Sources */,
				94D3E5E115EBF00E00D96DBE /* PitchHandTableViewCell.m in Sources */,
				94F023A915EE810F001DB3BC /* GameSetupTableViewController.m in Sources */,
				94B1AAB615EE88050057B93D /* GameSetup1RowOptionTableViewCell.m in Sources */,
				94A1476515EEA0580061E44F /* GameSetup2RowOptionTableViewCell.m in Sources */,
				941D362015EEACA3009F15BB /* ScoreCardsNavigationViewController.m in Sources */,
				9437C35415EECD8F00F95535 /* GameSetupOptionsTableViewController.m in Sources */,
				946A10DD15EEFA0000538906 /* GameSetupOptionChoicesTableViewCell.m in Sources */,
				94145B8115F00E19008970BE /* SplashScreenViewController.m in Sources */,
				94145B8415F01E12008970BE /* GameSetupTeamNameTableViewCell.m in Sources */,
				9494CE7C15F49D06006B4F8E /* ScoreCardsTableViewController.m in Sources */,
				9444A93415F71B66008B9F8C /* UIViewController+WithScoreCardsBetaButton.m in Sources */,
				9444A93715F72816008B9F8C /* GameSelectTableViewController.m in Sources */,
			);
			runOnlyForDeploymentPostprocessing = 0;
		};
/* End PBXSourcesBuildPhase section */

/* Begin PBXVariantGroup section */
		947A0E9115EA734C003AEF56 /* InfoPlist.strings */ = {
			isa = PBXVariantGroup;
			children = (
				947A0E9215EA734C003AEF56 /* en */,
			);
			name = InfoPlist.strings;
			sourceTree = "<group>";
		};
		947A0E9A15EA734C003AEF56 /* MainStoryboard.storyboard */ = {
			isa = PBXVariantGroup;
			children = (
				947A0E9B15EA734C003AEF56 /* en */,
			);
			name = MainStoryboard.storyboard;
			sourceTree = "<group>";
		};
/* End PBXVariantGroup section */

/* Begin XCBuildConfiguration section */
		945B552D15EDD437003FAD05 /* Distribution */ = {
			isa = XCBuildConfiguration;
			buildSettings = {
				ALWAYS_SEARCH_USER_PATHS = NO;
				ARCHS = "$(ARCHS_STANDARD_32_BIT)";
				CLANG_CXX_LANGUAGE_STANDARD = "gnu++0x";
				CLANG_ENABLE_OBJC_ARC = YES;
				CLANG_WARN__DUPLICATE_METHOD_MATCH = YES;
				CODE_SIGN_IDENTITY = "iPhone Distribution: Ryan Zulkoski";
				"CODE_SIGN_IDENTITY[sdk=iphoneos*]" = "iPhone Distribution: Ryan Zulkoski";
				COPY_PHASE_STRIP = YES;
				GCC_C_LANGUAGE_STANDARD = gnu99;
				GCC_VERSION = com.apple.compilers.llvm.clang.1_0;
				GCC_WARN_ABOUT_RETURN_TYPE = YES;
				GCC_WARN_UNINITIALIZED_AUTOS = YES;
				GCC_WARN_UNUSED_VARIABLE = YES;
				IPHONEOS_DEPLOYMENT_TARGET = 5.1;
				OTHER_CFLAGS = "-DNS_BLOCK_ASSERTIONS=1";
				PROVISIONING_PROFILE = "2EC59F96-1B23-47DF-A192-266F165BC5B6";
				"PROVISIONING_PROFILE[sdk=iphoneos*]" = "2EC59F96-1B23-47DF-A192-266F165BC5B6";
				SDKROOT = iphoneos;
				VALIDATE_PRODUCT = YES;
			};
			name = Distribution;
		};
		945B552E15EDD437003FAD05 /* Distribution */ = {
			isa = XCBuildConfiguration;
			buildSettings = {
				"CODE_SIGN_ENTITLEMENTS[sdk=*]" = "";
				CODE_SIGN_IDENTITY = "iPhone Distribution: Ryan Zulkoski";
				"CODE_SIGN_IDENTITY[sdk=iphoneos*]" = "iPhone Distribution: Ryan Zulkoski";
				GCC_PRECOMPILE_PREFIX_HEADER = YES;
				GCC_PREFIX_HEADER = "ScoreCards/ScoreCards-Prefix.pch";
				INFOPLIST_FILE = "ScoreCards/ScoreCards-Info.plist";
				PRODUCT_NAME = "$(TARGET_NAME)";
				PROVISIONING_PROFILE = "2EC59F96-1B23-47DF-A192-266F165BC5B6";
				"PROVISIONING_PROFILE[sdk=iphoneos*]" = "2EC59F96-1B23-47DF-A192-266F165BC5B6";
				WRAPPER_EXTENSION = app;
			};
			name = Distribution;
		};
		947A0EA015EA734C003AEF56 /* Debug */ = {
			isa = XCBuildConfiguration;
			buildSettings = {
				ALWAYS_SEARCH_USER_PATHS = NO;
				ARCHS = "$(ARCHS_STANDARD_32_BIT)";
				CLANG_CXX_LANGUAGE_STANDARD = "gnu++0x";
				CLANG_ENABLE_OBJC_ARC = YES;
				CLANG_WARN__DUPLICATE_METHOD_MATCH = YES;
				CODE_SIGN_IDENTITY = "iPhone Developer: Ryan Zulkoski (8WP33299KA)";
				"CODE_SIGN_IDENTITY[sdk=iphoneos*]" = "iPhone Developer: Ryan Zulkoski (8WP33299KA)";
				COPY_PHASE_STRIP = NO;
				GCC_C_LANGUAGE_STANDARD = gnu99;
				GCC_DYNAMIC_NO_PIC = NO;
				GCC_OPTIMIZATION_LEVEL = 0;
				GCC_PREPROCESSOR_DEFINITIONS = (
					"DEBUG=1",
					"$(inherited)",
				);
				GCC_SYMBOLS_PRIVATE_EXTERN = NO;
				GCC_VERSION = com.apple.compilers.llvm.clang.1_0;
				GCC_WARN_ABOUT_RETURN_TYPE = YES;
				GCC_WARN_UNINITIALIZED_AUTOS = YES;
				GCC_WARN_UNUSED_VARIABLE = YES;
				IPHONEOS_DEPLOYMENT_TARGET = 5.1;
				PROVISIONING_PROFILE = "313D8369-0147-48C4-8827-CE82D3C33DF2";
				"PROVISIONING_PROFILE[sdk=iphoneos*]" = "313D8369-0147-48C4-8827-CE82D3C33DF2";
				SDKROOT = iphoneos;
			};
			name = Debug;
		};
		947A0EA115EA734C003AEF56 /* Release */ = {
			isa = XCBuildConfiguration;
			buildSettings = {
				ALWAYS_SEARCH_USER_PATHS = NO;
				ARCHS = "$(ARCHS_STANDARD_32_BIT)";
				CLANG_CXX_LANGUAGE_STANDARD = "gnu++0x";
				CLANG_ENABLE_OBJC_ARC = YES;
				CLANG_WARN__DUPLICATE_METHOD_MATCH = YES;
				CODE_SIGN_IDENTITY = "iPhone Distribution: Ryan Zulkoski";
				"CODE_SIGN_IDENTITY[sdk=iphoneos*]" = "iPhone Distribution: Ryan Zulkoski";
				COPY_PHASE_STRIP = YES;
				GCC_C_LANGUAGE_STANDARD = gnu99;
				GCC_VERSION = com.apple.compilers.llvm.clang.1_0;
				GCC_WARN_ABOUT_RETURN_TYPE = YES;
				GCC_WARN_UNINITIALIZED_AUTOS = YES;
				GCC_WARN_UNUSED_VARIABLE = YES;
				IPHONEOS_DEPLOYMENT_TARGET = 5.1;
				OTHER_CFLAGS = "-DNS_BLOCK_ASSERTIONS=1";
				PROVISIONING_PROFILE = "2EC59F96-1B23-47DF-A192-266F165BC5B6";
				"PROVISIONING_PROFILE[sdk=iphoneos*]" = "2EC59F96-1B23-47DF-A192-266F165BC5B6";
				SDKROOT = iphoneos;
				VALIDATE_PRODUCT = YES;
			};
			name = Release;
		};
		947A0EA315EA734C003AEF56 /* Debug */ = {
			isa = XCBuildConfiguration;
			buildSettings = {
				CODE_SIGN_IDENTITY = "iPhone Developer: Ryan Zulkoski (8WP33299KA)";
				GCC_PRECOMPILE_PREFIX_HEADER = YES;
				GCC_PREFIX_HEADER = "ScoreCards/ScoreCards-Prefix.pch";
				INFOPLIST_FILE = "ScoreCards/ScoreCards-Info.plist";
				PRODUCT_NAME = "$(TARGET_NAME)";
				PROVISIONING_PROFILE = "313D8369-0147-48C4-8827-CE82D3C33DF2";
				WRAPPER_EXTENSION = app;
			};
			name = Debug;
		};
		947A0EA415EA734C003AEF56 /* Release */ = {
			isa = XCBuildConfiguration;
			buildSettings = {
				CODE_SIGN_IDENTITY = "iPhone Distribution: Ryan Zulkoski";
				"CODE_SIGN_IDENTITY[sdk=iphoneos*]" = "iPhone Distribution: Ryan Zulkoski";
				GCC_PRECOMPILE_PREFIX_HEADER = YES;
				GCC_PREFIX_HEADER = "ScoreCards/ScoreCards-Prefix.pch";
				INFOPLIST_FILE = "ScoreCards/ScoreCards-Info.plist";
				PRODUCT_NAME = "$(TARGET_NAME)";
				PROVISIONING_PROFILE = "2EC59F96-1B23-47DF-A192-266F165BC5B6";
				"PROVISIONING_PROFILE[sdk=iphoneos*]" = "2EC59F96-1B23-47DF-A192-266F165BC5B6";
				WRAPPER_EXTENSION = app;
			};
			name = Release;
		};
/* End XCBuildConfiguration section */

/* Begin XCConfigurationList section */
		947A0E7E15EA734C003AEF56 /* Build configuration list for PBXProject "ScoreCards" */ = {
			isa = XCConfigurationList;
			buildConfigurations = (
				947A0EA015EA734C003AEF56 /* Debug */,
				947A0EA115EA734C003AEF56 /* Release */,
				945B552D15EDD437003FAD05 /* Distribution */,
			);
			defaultConfigurationIsVisible = 0;
			defaultConfigurationName = Distribution;
		};
		947A0EA215EA734C003AEF56 /* Build configuration list for PBXNativeTarget "ScoreCards" */ = {
			isa = XCConfigurationList;
			buildConfigurations = (
				947A0EA315EA734C003AEF56 /* Debug */,
				947A0EA415EA734C003AEF56 /* Release */,
				945B552E15EDD437003FAD05 /* Distribution */,
			);
			defaultConfigurationIsVisible = 0;
			defaultConfigurationName = Distribution;
		};
/* End XCConfigurationList section */
	};
	rootObject = 947A0E7B15EA734C003AEF56 /* Project object */;
}
